// !$*UTF8*$!
{
	archiveVersion = 1;
	classes = {
	};
	objectVersion = 46;
	objects = {

/* Begin PBXBuildFile section */
		518B8DBD13B728C8002C990E /* UIKit.framework in Frameworks */ = {isa = PBXBuildFile; fileRef = 518B8DBC13B728C8002C990E /* UIKit.framework */; };
		518B8DBF13B728C8002C990E /* Foundation.framework in Frameworks */ = {isa = PBXBuildFile; fileRef = 518B8DBE13B728C8002C990E /* Foundation.framework */; };
		518B8DC113B728C8002C990E /* CoreGraphics.framework in Frameworks */ = {isa = PBXBuildFile; fileRef = 518B8DC013B728C8002C990E /* CoreGraphics.framework */; };
		518B8DC713B728C8002C990E /* InfoPlist.strings in Resources */ = {isa = PBXBuildFile; fileRef = 518B8DC513B728C8002C990E /* InfoPlist.strings */; };
		518B8DCA13B728C8002C990E /* main.m in Sources */ = {isa = PBXBuildFile; fileRef = 518B8DC913B728C8002C990E /* main.m */; };
		518B8DCD13B728C8002C990E /* iOS_Konami_CodeAppDelegate.m in Sources */ = {isa = PBXBuildFile; fileRef = 518B8DCC13B728C8002C990E /* iOS_Konami_CodeAppDelegate.m */; };
		518B8DD013B728C8002C990E /* MainWindow.xib in Resources */ = {isa = PBXBuildFile; fileRef = 518B8DCE13B728C8002C990E /* MainWindow.xib */; };
		518B8DD313B728C8002C990E /* iOS_Konami_CodeViewController.m in Sources */ = {isa = PBXBuildFile; fileRef = 518B8DD213B728C8002C990E /* iOS_Konami_CodeViewController.m */; };
		518B8DD613B728C8002C990E /* iOS_Konami_CodeViewController.xib in Resources */ = {isa = PBXBuildFile; fileRef = 518B8DD413B728C8002C990E /* iOS_Konami_CodeViewController.xib */; };
		518B8DDD13B728C8002C990E /* UIKit.framework in Frameworks */ = {isa = PBXBuildFile; fileRef = 518B8DBC13B728C8002C990E /* UIKit.framework */; };
		518B8DDE13B728C8002C990E /* Foundation.framework in Frameworks */ = {isa = PBXBuildFile; fileRef = 518B8DBE13B728C8002C990E /* Foundation.framework */; };
		518B8DDF13B728C8002C990E /* CoreGraphics.framework in Frameworks */ = {isa = PBXBuildFile; fileRef = 518B8DC013B728C8002C990E /* CoreGraphics.framework */; };
		518B8DE713B728C8002C990E /* InfoPlist.strings in Resources */ = {isa = PBXBuildFile; fileRef = 518B8DE513B728C8002C990E /* InfoPlist.strings */; };
		518B8DEA13B728C8002C990E /* iOS_Konami_CodeTests.h in Resources */ = {isa = PBXBuildFile; fileRef = 518B8DE913B728C8002C990E /* iOS_Konami_CodeTests.h */; };
		518B8DEC13B728C8002C990E /* iOS_Konami_CodeTests.m in Sources */ = {isa = PBXBuildFile; fileRef = 518B8DEB13B728C8002C990E /* iOS_Konami_CodeTests.m */; };
		518B8E0013B72952002C990E /* UIKonamiGestureRecognizer.m in Sources */ = {isa = PBXBuildFile; fileRef = 518B8DFF13B72952002C990E /* UIKonamiGestureRecognizer.m */; };
		518B8E0413B72A75002C990E /* Konami_Code.png in Resources */ = {isa = PBXBuildFile; fileRef = 518B8E0313B72A75002C990E /* Konami_Code.png */; };
/* End PBXBuildFile section */

/* Begin PBXContainerItemProxy section */
		518B8DE013B728C8002C990E /* PBXContainerItemProxy */ = {
			isa = PBXContainerItemProxy;
			containerPortal = 518B8DAF13B728C7002C990E /* Project object */;
			proxyType = 1;
			remoteGlobalIDString = 518B8DB713B728C7002C990E;
			remoteInfo = "iOS-Konami-Code";
		};
/* End PBXContainerItemProxy section */

/* Begin PBXFileReference section */
		518B8DB813B728C8002C990E /* iOS-Konami-Code.app */ = {isa = PBXFileReference; explicitFileType = wrapper.application; includeInIndex = 0; path = "iOS-Konami-Code.app"; sourceTree = BUILT_PRODUCTS_DIR; };
		518B8DBC13B728C8002C990E /* UIKit.framework */ = {isa = PBXFileReference; lastKnownFileType = wrapper.framework; name = UIKit.framework; path = System/Library/Frameworks/UIKit.framework; sourceTree = SDKROOT; };
		518B8DBE13B728C8002C990E /* Foundation.framework */ = {isa = PBXFileReference; lastKnownFileType = wrapper.framework; name = Foundation.framework; path = System/Library/Frameworks/Foundation.framework; sourceTree = SDKROOT; };
		518B8DC013B728C8002C990E /* CoreGraphics.framework */ = {isa = PBXFileReference; lastKnownFileType = wrapper.framework; name = CoreGraphics.framework; path = System/Library/Frameworks/CoreGraphics.framework; sourceTree = SDKROOT; };
		518B8DC413B728C8002C990E /* iOS-Konami-Code-Info.plist */ = {isa = PBXFileReference; lastKnownFileType = text.plist.xml; path = "iOS-Konami-Code-Info.plist"; sourceTree = "<group>"; };
		518B8DC613B728C8002C990E /* en */ = {isa = PBXFileReference; lastKnownFileType = text.plist.strings; name = en; path = en.lproj/InfoPlist.strings; sourceTree = "<group>"; };
		518B8DC813B728C8002C990E /* iOS-Konami-Code-Prefix.pch */ = {isa = PBXFileReference; lastKnownFileType = sourcecode.c.h; path = "iOS-Konami-Code-Prefix.pch"; sourceTree = "<group>"; };
		518B8DC913B728C8002C990E /* main.m */ = {isa = PBXFileReference; lastKnownFileType = sourcecode.c.objc; path = main.m; sourceTree = "<group>"; };
		518B8DCB13B728C8002C990E /* iOS_Konami_CodeAppDelegate.h */ = {isa = PBXFileReference; lastKnownFileType = sourcecode.c.h; path = iOS_Konami_CodeAppDelegate.h; sourceTree = "<group>"; };
		518B8DCC13B728C8002C990E /* iOS_Konami_CodeAppDelegate.m */ = {isa = PBXFileReference; lastKnownFileType = sourcecode.c.objc; path = iOS_Konami_CodeAppDelegate.m; sourceTree = "<group>"; };
		518B8DCF13B728C8002C990E /* en */ = {isa = PBXFileReference; lastKnownFileType = file.xib; name = en; path = en.lproj/MainWindow.xib; sourceTree = "<group>"; };
		518B8DD113B728C8002C990E /* iOS_Konami_CodeViewController.h */ = {isa = PBXFileReference; lastKnownFileType = sourcecode.c.h; path = iOS_Konami_CodeViewController.h; sourceTree = "<group>"; };
		518B8DD213B728C8002C990E /* iOS_Konami_CodeViewController.m */ = {isa = PBXFileReference; lastKnownFileType = sourcecode.c.objc; path = iOS_Konami_CodeViewController.m; sourceTree = "<group>"; };
		518B8DD513B728C8002C990E /* en */ = {isa = PBXFileReference; lastKnownFileType = file.xib; name = en; path = en.lproj/iOS_Konami_CodeViewController.xib; sourceTree = "<group>"; };
		518B8DDC13B728C8002C990E /* iOS-Konami-CodeTests.octest */ = {isa = PBXFileReference; explicitFileType = wrapper.cfbundle; includeInIndex = 0; path = "iOS-Konami-CodeTests.octest"; sourceTree = BUILT_PRODUCTS_DIR; };
		518B8DE413B728C8002C990E /* iOS-Konami-CodeTests-Info.plist */ = {isa = PBXFileReference; lastKnownFileType = text.plist.xml; path = "iOS-Konami-CodeTests-Info.plist"; sourceTree = "<group>"; };
		518B8DE613B728C8002C990E /* en */ = {isa = PBXFileReference; lastKnownFileType = text.plist.strings; name = en; path = en.lproj/InfoPlist.strings; sourceTree = "<group>"; };
		518B8DE813B728C8002C990E /* iOS-Konami-CodeTests-Prefix.pch */ = {isa = PBXFileReference; lastKnownFileType = sourcecode.c.h; path = "iOS-Konami-CodeTests-Prefix.pch"; sourceTree = "<group>"; };
		518B8DE913B728C8002C990E /* iOS_Konami_CodeTests.h */ = {isa = PBXFileReference; lastKnownFileType = sourcecode.c.h; path = iOS_Konami_CodeTests.h; sourceTree = "<group>"; };
		518B8DEB13B728C8002C990E /* iOS_Konami_CodeTests.m */ = {isa = PBXFileReference; lastKnownFileType = sourcecode.c.objc; path = iOS_Konami_CodeTests.m; sourceTree = "<group>"; };
		518B8DFE13B72952002C990E /* UIKonamiGestureRecognizer.h */ = {isa = PBXFileReference; fileEncoding = 4; lastKnownFileType = sourcecode.c.h; path = UIKonamiGestureRecognizer.h; sourceTree = "<group>"; };
		518B8DFF13B72952002C990E /* UIKonamiGestureRecognizer.m */ = {isa = PBXFileReference; fileEncoding = 4; lastKnownFileType = sourcecode.c.objc; path = UIKonamiGestureRecognizer.m; sourceTree = "<group>"; };
		518B8E0313B72A75002C990E /* Konami_Code.png */ = {isa = PBXFileReference; lastKnownFileType = image.png; path = Konami_Code.png; sourceTree = "<group>"; };
/* End PBXFileReference section */

/* Begin PBXFrameworksBuildPhase section */
		518B8DB513B728C7002C990E /* Frameworks */ = {
			isa = PBXFrameworksBuildPhase;
			buildActionMask = 2147483647;
			files = (
				518B8DBD13B728C8002C990E /* UIKit.framework in Frameworks */,
				518B8DBF13B728C8002C990E /* Foundation.framework in Frameworks */,
				518B8DC113B728C8002C990E /* CoreGraphics.framework in Frameworks */,
			);
			runOnlyForDeploymentPostprocessing = 0;
		};
		518B8DD813B728C8002C990E /* Frameworks */ = {
			isa = PBXFrameworksBuildPhase;
			buildActionMask = 2147483647;
			files = (
				518B8DDD13B728C8002C990E /* UIKit.framework in Frameworks */,
				518B8DDE13B728C8002C990E /* Foundation.framework in Frameworks */,
				518B8DDF13B728C8002C990E /* CoreGraphics.framework in Frameworks */,
			);
			runOnlyForDeploymentPostprocessing = 0;
		};
/* End PBXFrameworksBuildPhase section */

/* Begin PBXGroup section */
		518B8DAD13B728C7002C990E = {
			isa = PBXGroup;
			children = (
				518B8DFD13B72940002C990E /* Konami */,
				518B8DC213B728C8002C990E /* iOS-Konami-Code */,
				518B8DE213B728C8002C990E /* iOS-Konami-CodeTests */,
				518B8DBB13B728C8002C990E /* Frameworks */,
				518B8DB913B728C8002C990E /* Products */,
			);
			sourceTree = "<group>";
		};
		518B8DB913B728C8002C990E /* Products */ = {
			isa = PBXGroup;
			children = (
				518B8DB813B728C8002C990E /* iOS-Konami-Code.app */,
				518B8DDC13B728C8002C990E /* iOS-Konami-CodeTests.octest */,
			);
			name = Products;
			sourceTree = "<group>";
		};
		518B8DBB13B728C8002C990E /* Frameworks */ = {
			isa = PBXGroup;
			children = (
				518B8DBC13B728C8002C990E /* UIKit.framework */,
				518B8DBE13B728C8002C990E /* Foundation.framework */,
				518B8DC013B728C8002C990E /* CoreGraphics.framework */,
			);
			name = Frameworks;
			sourceTree = "<group>";
		};
		518B8DC213B728C8002C990E /* iOS-Konami-Code */ = {
			isa = PBXGroup;
			children = (
				518B8DCB13B728C8002C990E /* iOS_Konami_CodeAppDelegate.h */,
				518B8DCC13B728C8002C990E /* iOS_Konami_CodeAppDelegate.m */,
				518B8DCE13B728C8002C990E /* MainWindow.xib */,
				518B8DD113B728C8002C990E /* iOS_Konami_CodeViewController.h */,
				518B8DD213B728C8002C990E /* iOS_Konami_CodeViewController.m */,
				518B8DD413B728C8002C990E /* iOS_Konami_CodeViewController.xib */,
				518B8DC313B728C8002C990E /* Supporting Files */,
			);
			path = "iOS-Konami-Code";
			sourceTree = "<group>";
		};
		518B8DC313B728C8002C990E /* Supporting Files */ = {
			isa = PBXGroup;
			children = (
				518B8DC413B728C8002C990E /* iOS-Konami-Code-Info.plist */,
				518B8DC513B728C8002C990E /* InfoPlist.strings */,
				518B8DC813B728C8002C990E /* iOS-Konami-Code-Prefix.pch */,
				518B8DC913B728C8002C990E /* main.m */,
			);
			name = "Supporting Files";
			sourceTree = "<group>";
		};
		518B8DE213B728C8002C990E /* iOS-Konami-CodeTests */ = {
			isa = PBXGroup;
			children = (
				518B8DE913B728C8002C990E /* iOS_Konami_CodeTests.h */,
				518B8DEB13B728C8002C990E /* iOS_Konami_CodeTests.m */,
				518B8DE313B728C8002C990E /* Supporting Files */,
			);
			path = "iOS-Konami-CodeTests";
			sourceTree = "<group>";
		};
		518B8DE313B728C8002C990E /* Supporting Files */ = {
			isa = PBXGroup;
			children = (
				518B8E0313B72A75002C990E /* Konami_Code.png */,
				518B8DE413B728C8002C990E /* iOS-Konami-CodeTests-Info.plist */,
				518B8DE513B728C8002C990E /* InfoPlist.strings */,
				518B8DE813B728C8002C990E /* iOS-Konami-CodeTests-Prefix.pch */,
			);
			name = "Supporting Files";
			sourceTree = "<group>";
		};
		518B8DFD13B72940002C990E /* Konami */ = {
			isa = PBXGroup;
			children = (
				518B8DFE13B72952002C990E /* UIKonamiGestureRecognizer.h */,
				518B8DFF13B72952002C990E /* UIKonamiGestureRecognizer.m */,
			);
			name = Konami;
			sourceTree = "<group>";
		};
/* End PBXGroup section */

/* Begin PBXNativeTarget section */
		518B8DB713B728C7002C990E /* iOS-Konami-Code */ = {
			isa = PBXNativeTarget;
			buildConfigurationList = 518B8DEF13B728C8002C990E /* Build configuration list for PBXNativeTarget "iOS-Konami-Code" */;
			buildPhases = (
				518B8DB413B728C7002C990E /* Sources */,
				518B8DB513B728C7002C990E /* Frameworks */,
				518B8DB613B728C7002C990E /* Resources */,
			);
			buildRules = (
			);
			dependencies = (
			);
			name = "iOS-Konami-Code";
			productName = "iOS-Konami-Code";
			productReference = 518B8DB813B728C8002C990E /* iOS-Konami-Code.app */;
			productType = "com.apple.product-type.application";
		};
		518B8DDB13B728C8002C990E /* iOS-Konami-CodeTests */ = {
			isa = PBXNativeTarget;
			buildConfigurationList = 518B8DF213B728C8002C990E /* Build configuration list for PBXNativeTarget "iOS-Konami-CodeTests" */;
			buildPhases = (
				518B8DD713B728C8002C990E /* Sources */,
				518B8DD813B728C8002C990E /* Frameworks */,
				518B8DD913B728C8002C990E /* Resources */,
				518B8DDA13B728C8002C990E /* ShellScript */,
			);
			buildRules = (
			);
			dependencies = (
				518B8DE113B728C8002C990E /* PBXTargetDependency */,
			);
			name = "iOS-Konami-CodeTests";
			productName = "iOS-Konami-CodeTests";
			productReference = 518B8DDC13B728C8002C990E /* iOS-Konami-CodeTests.octest */;
			productType = "com.apple.product-type.bundle";
		};
/* End PBXNativeTarget section */

/* Begin PBXProject section */
		518B8DAF13B728C7002C990E /* Project object */ = {
			isa = PBXProject;
			buildConfigurationList = 518B8DB213B728C7002C990E /* Build configuration list for PBXProject "iOS-Konami-Code" */;
			compatibilityVersion = "Xcode 3.2";
			developmentRegion = English;
			hasScannedForEncodings = 0;
			knownRegions = (
				en,
			);
			mainGroup = 518B8DAD13B728C7002C990E;
			productRefGroup = 518B8DB913B728C8002C990E /* Products */;
			projectDirPath = "";
			projectRoot = "";
			targets = (
				518B8DB713B728C7002C990E /* iOS-Konami-Code */,
				518B8DDB13B728C8002C990E /* iOS-Konami-CodeTests */,
			);
		};
/* End PBXProject section */

/* Begin PBXResourcesBuildPhase section */
		518B8DB613B728C7002C990E /* Resources */ = {
			isa = PBXResourcesBuildPhase;
			buildActionMask = 2147483647;
			files = (
				518B8DC713B728C8002C990E /* InfoPlist.strings in Resources */,
				518B8DD013B728C8002C990E /* MainWindow.xib in Resources */,
				518B8DD613B728C8002C990E /* iOS_Konami_CodeViewController.xib in Resources */,
				518B8E0413B72A75002C990E /* Konami_Code.png in Resources */,
			);
			runOnlyForDeploymentPostprocessing = 0;
		};
		518B8DD913B728C8002C990E /* Resources */ = {
			isa = PBXResourcesBuildPhase;
			buildActionMask = 2147483647;
			files = (
				518B8DE713B728C8002C990E /* InfoPlist.strings in Resources */,
				518B8DEA13B728C8002C990E /* iOS_Konami_CodeTests.h in Resources */,
			);
			runOnlyForDeploymentPostprocessing = 0;
		};
/* End PBXResourcesBuildPhase section */

/* Begin PBXShellScriptBuildPhase section */
		518B8DDA13B728C8002C990E /* ShellScript */ = {
			isa = PBXShellScriptBuildPhase;
			buildActionMask = 2147483647;
			files = (
			);
			inputPaths = (
			);
			outputPaths = (
			);
			runOnlyForDeploymentPostprocessing = 0;
			shellPath = /bin/sh;
			shellScript = "# Run the unit tests in this test bundle.\n\"${SYSTEM_DEVELOPER_DIR}/Tools/RunUnitTests\"\n";
		};
/* End PBXShellScriptBuildPhase section */

/* Begin PBXSourcesBuildPhase section */
		518B8DB413B728C7002C990E /* Sources */ = {
			isa = PBXSourcesBuildPhase;
			buildActionMask = 2147483647;
			files = (
				518B8DCA13B728C8002C990E /* main.m in Sources */,
				518B8DCD13B728C8002C990E /* iOS_Konami_CodeAppDelegate.m in Sources */,
				518B8DD313B728C8002C990E /* iOS_Konami_CodeViewController.m in Sources */,
				518B8E0013B72952002C990E /* UIKonamiGestureRecognizer.m in Sources */,
			);
			runOnlyForDeploymentPostprocessing = 0;
		};
		518B8DD713B728C8002C990E /* Sources */ = {
			isa = PBXSourcesBuildPhase;
			buildActionMask = 2147483647;
			files = (
				518B8DEC13B728C8002C990E /* iOS_Konami_CodeTests.m in Sources */,
			);
			runOnlyForDeploymentPostprocessing = 0;
		};
/* End PBXSourcesBuildPhase section */

/* Begin PBXTargetDependency section */
		518B8DE113B728C8002C990E /* PBXTargetDependency */ = {
			isa = PBXTargetDependency;
			target = 518B8DB713B728C7002C990E /* iOS-Konami-Code */;
			targetProxy = 518B8DE013B728C8002C990E /* PBXContainerItemProxy */;
		};
/* End PBXTargetDependency section */

/* Begin PBXVariantGroup section */
		518B8DC513B728C8002C990E /* InfoPlist.strings */ = {
			isa = PBXVariantGroup;
			children = (
				518B8DC613B728C8002C990E /* en */,
			);
			name = InfoPlist.strings;
			sourceTree = "<group>";
		};
		518B8DCE13B728C8002C990E /* MainWindow.xib */ = {
			isa = PBXVariantGroup;
			children = (
				518B8DCF13B728C8002C990E /* en */,
			);
			name = MainWindow.xib;
			sourceTree = "<group>";
		};
		518B8DD413B728C8002C990E /* iOS_Konami_CodeViewController.xib */ = {
			isa = PBXVariantGroup;
			children = (
				518B8DD513B728C8002C990E /* en */,
			);
			name = iOS_Konami_CodeViewController.xib;
			sourceTree = "<group>";
		};
		518B8DE513B728C8002C990E /* InfoPlist.strings */ = {
			isa = PBXVariantGroup;
			children = (
				518B8DE613B728C8002C990E /* en */,
			);
			name = InfoPlist.strings;
			sourceTree = "<group>";
		};
/* End PBXVariantGroup section */

/* Begin XCBuildConfiguration section */
		518B8DED13B728C8002C990E /* Debug */ = {
			isa = XCBuildConfiguration;
			buildSettings = {
				ARCHS = "$(ARCHS_STANDARD_32_BIT)";
				"CODE_SIGN_IDENTITY[sdk=iphoneos*]" = "iPhone Developer";
				GCC_C_LANGUAGE_STANDARD = gnu99;
				GCC_OPTIMIZATION_LEVEL = 0;
				GCC_PREPROCESSOR_DEFINITIONS = DEBUG;
				GCC_SYMBOLS_PRIVATE_EXTERN = NO;
				GCC_VERSION = com.apple.compilers.llvmgcc42;
				GCC_WARN_ABOUT_RETURN_TYPE = YES;
				GCC_WARN_UNUSED_VARIABLE = YES;
				IPHONEOS_DEPLOYMENT_TARGET = 4.3;
				SDKROOT = iphoneos;
			};
			name = Debug;
		};
		518B8DEE13B728C8002C990E /* Release */ = {
			isa = XCBuildConfiguration;
			buildSettings = {
				ARCHS = "$(ARCHS_STANDARD_32_BIT)";
				"CODE_SIGN_IDENTITY[sdk=iphoneos*]" = "iPhone Developer";
				GCC_C_LANGUAGE_STANDARD = gnu99;
				GCC_VERSION = com.apple.compilers.llvmgcc42;
				GCC_WARN_ABOUT_RETURN_TYPE = YES;
				GCC_WARN_UNUSED_VARIABLE = YES;
				IPHONEOS_DEPLOYMENT_TARGET = 4.3;
				OTHER_CFLAGS = "-DNS_BLOCK_ASSERTIONS=1";
				SDKROOT = iphoneos;
			};
			name = Release;
		};
		518B8DF013B728C8002C990E /* Debug */ = {
			isa = XCBuildConfiguration;
			buildSettings = {
				ALWAYS_SEARCH_USER_PATHS = NO;
				COPY_PHASE_STRIP = NO;
				GCC_DYNAMIC_NO_PIC = NO;
				GCC_PRECOMPILE_PREFIX_HEADER = YES;
				GCC_PREFIX_HEADER = "iOS-Konami-Code/iOS-Konami-Code-Prefix.pch";
				INFOPLIST_FILE = "iOS-Konami-Code/iOS-Konami-Code-Info.plist";
				IPHONEOS_DEPLOYMENT_TARGET = 4.0;
				PRODUCT_NAME = "$(TARGET_NAME)";
				SDKROOT = iphoneos4.0;
				WRAPPER_EXTENSION = app;
			};
			name = Debug;
		};
		518B8DF113B728C8002C990E /* Release */ = {
			isa = XCBuildConfiguration;
			buildSettings = {
				ALWAYS_SEARCH_USER_PATHS = NO;
				COPY_PHASE_STRIP = YES;
				GCC_PRECOMPILE_PREFIX_HEADER = YES;
				GCC_PREFIX_HEADER = "iOS-Konami-Code/iOS-Konami-Code-Prefix.pch";
				INFOPLIST_FILE = "iOS-Konami-Code/iOS-Konami-Code-Info.plist";
				IPHONEOS_DEPLOYMENT_TARGET = 4.0;
				PRODUCT_NAME = "$(TARGET_NAME)";
				SDKROOT = iphoneos4.0;
				VALIDATE_PRODUCT = YES;
				WRAPPER_EXTENSION = app;
			};
			name = Release;
		};
		518B8DF313B728C8002C990E /* Debug */ = {
			isa = XCBuildConfiguration;
			buildSettings = {
				ALWAYS_SEARCH_USER_PATHS = NO;
				BUNDLE_LOADER = "$(BUILT_PRODUCTS_DIR)/iOS-Konami-Code.app/iOS-Konami-Code";
				FRAMEWORK_SEARCH_PATHS = (
					"$(SDKROOT)/Developer/Library/Frameworks",
					"$(DEVELOPER_LIBRARY_DIR)/Frameworks",
				);
				GCC_PRECOMPILE_PREFIX_HEADER = YES;
				GCC_PREFIX_HEADER = "iOS-Konami-CodeTests/iOS-Konami-CodeTests-Prefix.pch";
				INFOPLIST_FILE = "iOS-Konami-CodeTests/iOS-Konami-CodeTests-Info.plist";
				OTHER_LDFLAGS = (
					"-framework",
					SenTestingKit,
				);
				PRODUCT_NAME = "$(TARGET_NAME)";
				TEST_HOST = "$(BUNDLE_LOADER)";
				WRAPPER_EXTENSION = octest;
			};
			name = Debug;
		};
		518B8DF413B728C8002C990E /* Release */ = {
			isa = XCBuildConfiguration;
			buildSettings = {
				ALWAYS_SEARCH_USER_PATHS = NO;
				BUNDLE_LOADER = "$(BUILT_PRODUCTS_DIR)/iOS-Konami-Code.app/iOS-Konami-Code";
				FRAMEWORK_SEARCH_PATHS = (
					"$(SDKROOT)/Developer/Library/Frameworks",
					"$(DEVELOPER_LIBRARY_DIR)/Frameworks",
				);
				GCC_PRECOMPILE_PREFIX_HEADER = YES;
				GCC_PREFIX_HEADER = "iOS-Konami-CodeTests/iOS-Konami-CodeTests-Prefix.pch";
				INFOPLIST_FILE = "iOS-Konami-CodeTests/iOS-Konami-CodeTests-Info.plist";
				OTHER_LDFLAGS = (
					"-framework",
					SenTestingKit,
				);
				PRODUCT_NAME = "$(TARGET_NAME)";
				TEST_HOST = "$(BUNDLE_LOADER)";
				WRAPPER_EXTENSION = octest;
			};
			name = Release;
		};
/* End XCBuildConfiguration section */

/* Begin XCConfigurationList section */
		518B8DB213B728C7002C990E /* Build configuration list for PBXProject "iOS-Konami-Code" */ = {
			isa = XCConfigurationList;
			buildConfigurations = (
				518B8DED13B728C8002C990E /* Debug */,
				518B8DEE13B728C8002C990E /* Release */,
			);
			defaultConfigurationIsVisible = 0;
			defaultConfigurationName = Release;
		};
		518B8DEF13B728C8002C990E /* Build configuration list for PBXNativeTarget "iOS-Konami-Code" */ = {
			isa = XCConfigurationList;
			buildConfigurations = (
				518B8DF013B728C8002C990E /* Debug */,
				518B8DF113B728C8002C990E /* Release */,
			);
			defaultConfigurationIsVisible = 0;
		};
		518B8DF213B728C8002C990E /* Build configuration list for PBXNativeTarget "iOS-Konami-CodeTests" */ = {
			isa = XCConfigurationList;
			buildConfigurations = (
				518B8DF313B728C8002C990E /* Debug */,
				518B8DF413B728C8002C990E /* Release */,
			);
			defaultConfigurationIsVisible = 0;
		};
/* End XCConfigurationList section */
	};
	rootObject = 518B8DAF13B728C7002C990E /* Project object */;
}
